
Microsoft Visual Studio Solution File, Format Version 12.00
# Visual Studio Version 16
VisualStudioVersion = 16.0.29911.84
MinimumVisualStudioVersion = 10.0.40219.1
Project("{8BC9CEB8-8B4A-11D0-8D11-00A0C91BC942}") = "jpge", "jpge.vcxproj", "{DE273522-92D8-4B60-95C7-C3AEE10A303E}"
EndProject
Global
	GlobalSection(SolutionConfigurationPlatforms) = preSolution
		Debug|Win32 = Debug|Win32
		Debug|x64 = Debug|x64
		Release|Win32 = Release|Win32
		Release|x64 = Release|x64
	EndGlobalSection
	GlobalSection(ProjectConfigurationPlatforms) = postSolution
		{DE273522-92D8-4B60-95C7-C3AEE10A303E}.Debug|Win32.ActiveCfg = Debug|Win32
		{DE273522-92D8-4B60-95C7-C3AEE10A303E}.Debug|Win32.Build.0 = Debug|Win32
		{DE273522-92D8-4B60-95C7-C3AEE10A303E}.Debug|x64.ActiveCfg = Debug|x64
		{DE273522-92D8-4B60-95C7-C3AEE10A303E}.Debug|x64.Build.0 = Debug|x64
		{DE273522-92D8-4B60-95C7-C3AEE10A303E}.Release|Win32.ActiveCfg = Release|Win32
		{DE273522-92D8-4B60-95C7-C3AEE10A303E}.Release|Win32.Build.0 = Release|Win32
		{DE273522-92D8-4B60-95C7-C3AEE10A303E}.Release|x64.ActiveCfg = Release|x64
		{DE273522-92D8-4B60-95C7-C3AEE10A303E}.Release|x64.Build.0 = Release|x64
	EndGlobalSection
	GlobalSection(SolutionProperties) = preSolution
		HideSolutionNode = FALSE
	EndGlobalSection
	GlobalSection(ExtensibilityGlobals) = postSolution
		SolutionGuid = {3FE9776A-E799-451C-B2B5-1F14F0DEE09D}
	EndGlobalSection
EndGlobal
